
Microsoft Visual Studio Solution File, Format Version 12.00
# Visual Studio Version 16
VisualStudioVersion = 16.0.34301.259
MinimumVisualStudioVersion = 10.0.40219.1
Project("{888888A0-9F3D-457C-B088-3A5042F75D52}") = "Agente_A_Autonomo_R", "Agente_A_Autonomo_R\Agente_A_Autonomo_R.pyproj", "{8187A507-6C4F-48C7-BE41-311FC314C25E}"
EndProject
Global
	GlobalSection(SolutionConfigurationPlatforms) = preSolution
		Debug|Any CPU = Debug|Any CPU
		Release|Any CPU = Release|Any CPU
	EndGlobalSection
	GlobalSection(ProjectConfigurationPlatforms) = postSolution
		{8187A507-6C4F-48C7-BE41-311FC314C25E}.Debug|Any CPU.ActiveCfg = Debug|Any CPU
		{8187A507-6C4F-48C7-BE41-311FC314C25E}.Release|Any CPU.ActiveCfg = Release|Any CPU
	EndGlobalSection
	GlobalSection(SolutionProperties) = preSolution
		HideSolutionNode = FALSE
	EndGlobalSection
	GlobalSection(ExtensibilityGlobals) = postSolution
		SolutionGuid = {F9579B34-14C1-4D6E-A39A-01B0F92AD992}
	EndGlobalSection
EndGlobal
